
Microsoft Visual Studio Solution File, Format Version 12.00
# Visual Studio Version 16
VisualStudioVersion = 16.0.31729.503
MinimumVisualStudioVersion = 10.0.40219.1
Project("{FAE04EC0-301F-11D3-BF4B-00C04F79EFBC}") = "CVParse2", "CVParse2.csproj", "{B60CEEB7-0B7B-4FDD-B613-85DC5828901D}"
EndProject
Global
	GlobalSection(SolutionConfigurationPlatforms) = preSolution
		Debug|Any CPU = Debug|Any CPU
		Release|Any CPU = Release|Any CPU
	EndGlobalSection
	GlobalSection(ProjectConfigurationPlatforms) = postSolution
		{B60CEEB7-0B7B-4FDD-B613-85DC5828901D}.Debug|Any CPU.ActiveCfg = Debug|Any CPU
		{B60CEEB7-0B7B-4FDD-B613-85DC5828901D}.Debug|Any CPU.Build.0 = Debug|Any CPU
		{B60CEEB7-0B7B-4FDD-B613-85DC5828901D}.Release|Any CPU.ActiveCfg = Release|Any CPU
		{B60CEEB7-0B7B-4FDD-B613-85DC5828901D}.Release|Any CPU.Build.0 = Release|Any CPU
	EndGlobalSection
	GlobalSection(SolutionProperties) = preSolution
		HideSolutionNode = FALSE
	EndGlobalSection
	GlobalSection(ExtensibilityGlobals) = postSolution
		SolutionGuid = {867CA9EE-3623-4383-A310-996C204848ED}
	EndGlobalSection
EndGlobal
